// !$*UTF8*$!
{
	archiveVersion = 1;
	classes = {
	};
	objectVersion = 46;
	objects = {

/* Begin PBXBuildFile section */
		21FA32791DE3E0520088590D /* AppDelegate.swift in Sources */ = {isa = PBXBuildFile; fileRef = 21FA32781DE3E0520088590D /* AppDelegate.swift */; };
		21FA327B1DE3E0520088590D /* ViewController.swift in Sources */ = {isa = PBXBuildFile; fileRef = 21FA327A1DE3E0520088590D /* ViewController.swift */; };
		21FA327E1DE3E0520088590D /* Main.storyboard in Resources */ = {isa = PBXBuildFile; fileRef = 21FA327C1DE3E0520088590D /* Main.storyboard */; };
		21FA32811DE3E0520088590D /* Kittens.xcdatamodeld in Sources */ = {isa = PBXBuildFile; fileRef = 21FA327F1DE3E0520088590D /* Kittens.xcdatamodeld */; };
		21FA32831DE3E0520088590D /* Assets.xcassets in Resources */ = {isa = PBXBuildFile; fileRef = 21FA32821DE3E0520088590D /* Assets.xcassets */; };
		21FA32861DE3E0520088590D /* LaunchScreen.storyboard in Resources */ = {isa = PBXBuildFile; fileRef = 21FA32841DE3E0520088590D /* LaunchScreen.storyboard */; };
		21FA32911DE3E0520088590D /* KittensTests.swift in Sources */ = {isa = PBXBuildFile; fileRef = 21FA32901DE3E0520088590D /* KittensTests.swift */; };
		21FA329C1DE3E0520088590D /* KittensUITests.swift in Sources */ = {isa = PBXBuildFile; fileRef = 21FA329B1DE3E0520088590D /* KittensUITests.swift */; };
/* End PBXBuildFile section */

/* Begin PBXContainerItemProxy section */
		21FA328D1DE3E0520088590D /* PBXContainerItemProxy */ = {
			isa = PBXContainerItemProxy;
			containerPortal = 21FA326D1DE3E0520088590D /* Project object */;
			proxyType = 1;
			remoteGlobalIDString = 21FA32741DE3E0520088590D;
			remoteInfo = Kittens;
		};
		21FA32981DE3E0520088590D /* PBXContainerItemProxy */ = {
			isa = PBXContainerItemProxy;
			containerPortal = 21FA326D1DE3E0520088590D /* Project object */;
			proxyType = 1;
			remoteGlobalIDString = 21FA32741DE3E0520088590D;
			remoteInfo = Kittens;
		};
/* End PBXContainerItemProxy section */

/* Begin PBXFileReference section */
		21FA32751DE3E0520088590D /* Kittens.app */ = {isa = PBXFileReference; explicitFileType = wrapper.application; includeInIndex = 0; path = Kittens.app; sourceTree = BUILT_PRODUCTS_DIR; };
		21FA32781DE3E0520088590D /* AppDelegate.swift */ = {isa = PBXFileReference; lastKnownFileType = sourcecode.swift; path = AppDelegate.swift; sourceTree = "<group>"; };
		21FA327A1DE3E0520088590D /* ViewController.swift */ = {isa = PBXFileReference; lastKnownFileType = sourcecode.swift; path = ViewController.swift; sourceTree = "<group>"; };
		21FA327D1DE3E0520088590D /* Base */ = {isa = PBXFileReference; lastKnownFileType = file.storyboard; name = Base; path = Base.lproj/Main.storyboard; sourceTree = "<group>"; };
		21FA32801DE3E0520088590D /* Kittens.xcdatamodel */ = {isa = PBXFileReference; lastKnownFileType = wrapper.xcdatamodel; path = Kittens.xcdatamodel; sourceTree = "<group>"; };
		21FA32821DE3E0520088590D /* Assets.xcassets */ = {isa = PBXFileReference; lastKnownFileType = folder.assetcatalog; path = Assets.xcassets; sourceTree = "<group>"; };
		21FA32851DE3E0520088590D /* Base */ = {isa = PBXFileReference; lastKnownFileType = file.storyboard; name = Base; path = Base.lproj/LaunchScreen.storyboard; sourceTree = "<group>"; };
		21FA32871DE3E0520088590D /* Info.plist */ = {isa = PBXFileReference; lastKnownFileType = text.plist.xml; path = Info.plist; sourceTree = "<group>"; };
		21FA328C1DE3E0520088590D /* KittensTests.xctest */ = {isa = PBXFileReference; explicitFileType = wrapper.cfbundle; includeInIndex = 0; path = KittensTests.xctest; sourceTree = BUILT_PRODUCTS_DIR; };
		21FA32901DE3E0520088590D /* KittensTests.swift */ = {isa = PBXFileReference; lastKnownFileType = sourcecode.swift; path = KittensTests.swift; sourceTree = "<group>"; };
		21FA32921DE3E0520088590D /* Info.plist */ = {isa = PBXFileReference; lastKnownFileType = text.plist.xml; path = Info.plist; sourceTree = "<group>"; };
		21FA32971DE3E0520088590D /* KittensUITests.xctest */ = {isa = PBXFileReference; explicitFileType = wrapper.cfbundle; includeInIndex = 0; path = KittensUITests.xctest; sourceTree = BUILT_PRODUCTS_DIR; };
		21FA329B1DE3E0520088590D /* KittensUITests.swift */ = {isa = PBXFileReference; lastKnownFileType = sourcecode.swift; path = KittensUITests.swift; sourceTree = "<group>"; };
		21FA329D1DE3E0530088590D /* Info.plist */ = {isa = PBXFileReference; lastKnownFileType = text.plist.xml; path = Info.plist; sourceTree = "<group>"; };
/* End PBXFileReference section */

/* Begin PBXFrameworksBuildPhase section */
		21FA32721DE3E0520088590D /* Frameworks */ = {
			isa = PBXFrameworksBuildPhase;
			buildActionMask = 2147483647;
			files = (
			);
			runOnlyForDeploymentPostprocessing = 0;
		};
		21FA32891DE3E0520088590D /* Frameworks */ = {
			isa = PBXFrameworksBuildPhase;
			buildActionMask = 2147483647;
			files = (
			);
			runOnlyForDeploymentPostprocessing = 0;
		};
		21FA32941DE3E0520088590D /* Frameworks */ = {
			isa = PBXFrameworksBuildPhase;
			buildActionMask = 2147483647;
			files = (
			);
			runOnlyForDeploymentPostprocessing = 0;
		};
/* End PBXFrameworksBuildPhase section */

/* Begin PBXGroup section */
		21FA326C1DE3E0520088590D = {
			isa = PBXGroup;
			children = (
				21FA32771DE3E0520088590D /* Kittens */,
				21FA328F1DE3E0520088590D /* KittensTests */,
				21FA329A1DE3E0520088590D /* KittensUITests */,
				21FA32761DE3E0520088590D /* Products */,
			);
			sourceTree = "<group>";
		};
		21FA32761DE3E0520088590D /* Products */ = {
			isa = PBXGroup;
			children = (
				21FA32751DE3E0520088590D /* Kittens.app */,
				21FA328C1DE3E0520088590D /* KittensTests.xctest */,
				21FA32971DE3E0520088590D /* KittensUITests.xctest */,
			);
			name = Products;
			sourceTree = "<group>";
		};
		21FA32771DE3E0520088590D /* Kittens */ = {
			isa = PBXGroup;
			children = (
				21FA32781DE3E0520088590D /* AppDelegate.swift */,
				21FA327A1DE3E0520088590D /* ViewController.swift */,
				21FA327C1DE3E0520088590D /* Main.storyboard */,
				21FA32821DE3E0520088590D /* Assets.xcassets */,
				21FA32841DE3E0520088590D /* LaunchScreen.storyboard */,
				21FA32871DE3E0520088590D /* Info.plist */,
				21FA327F1DE3E0520088590D /* Kittens.xcdatamodeld */,
			);
			path = Kittens;
			sourceTree = "<group>";
		};
		21FA328F1DE3E0520088590D /* KittensTests */ = {
			isa = PBXGroup;
			children = (
				21FA32901DE3E0520088590D /* KittensTests.swift */,
				21FA32921DE3E0520088590D /* Info.plist */,
			);
			path = KittensTests;
			sourceTree = "<group>";
		};
		21FA329A1DE3E0520088590D /* KittensUITests */ = {
			isa = PBXGroup;
			children = (
				21FA329B1DE3E0520088590D /* KittensUITests.swift */,
				21FA329D1DE3E0530088590D /* Info.plist */,
			);
			path = KittensUITests;
			sourceTree = "<group>";
		};
/* End PBXGroup section */

/* Begin PBXNativeTarget section */
		21FA32741DE3E0520088590D /* Kittens */ = {
			isa = PBXNativeTarget;
			buildConfigurationList = 21FA32A01DE3E0530088590D /* Build configuration list for PBXNativeTarget "Kittens" */;
			buildPhases = (
				21FA32711DE3E0520088590D /* Sources */,
				21FA32721DE3E0520088590D /* Frameworks */,
				21FA32731DE3E0520088590D /* Resources */,
			);
			buildRules = (
			);
			dependencies = (
			);
			name = Kittens;
			productName = Kittens;
			productReference = 21FA32751DE3E0520088590D /* Kittens.app */;
			productType = "com.apple.product-type.application";
		};
		21FA328B1DE3E0520088590D /* KittensTests */ = {
			isa = PBXNativeTarget;
			buildConfigurationList = 21FA32A31DE3E0530088590D /* Build configuration list for PBXNativeTarget "KittensTests" */;
			buildPhases = (
				21FA32881DE3E0520088590D /* Sources */,
				21FA32891DE3E0520088590D /* Frameworks */,
				21FA328A1DE3E0520088590D /* Resources */,
			);
			buildRules = (
			);
			dependencies = (
				21FA328E1DE3E0520088590D /* PBXTargetDependency */,
			);
			name = KittensTests;
			productName = KittensTests;
			productReference = 21FA328C1DE3E0520088590D /* KittensTests.xctest */;
			productType = "com.apple.product-type.bundle.unit-test";
		};
		21FA32961DE3E0520088590D /* KittensUITests */ = {
			isa = PBXNativeTarget;
			buildConfigurationList = 21FA32A61DE3E0530088590D /* Build configuration list for PBXNativeTarget "KittensUITests" */;
			buildPhases = (
				21FA32931DE3E0520088590D /* Sources */,
				21FA32941DE3E0520088590D /* Frameworks */,
				21FA32951DE3E0520088590D /* Resources */,
			);
			buildRules = (
			);
			dependencies = (
				21FA32991DE3E0520088590D /* PBXTargetDependency */,
			);
			name = KittensUITests;
			productName = KittensUITests;
			productReference = 21FA32971DE3E0520088590D /* KittensUITests.xctest */;
			productType = "com.apple.product-type.bundle.ui-testing";
		};
/* End PBXNativeTarget section */

/* Begin PBXProject section */
		21FA326D1DE3E0520088590D /* Project object */ = {
			isa = PBXProject;
			attributes = {
				LastSwiftUpdateCheck = 0810;
				LastUpgradeCheck = 0810;
				ORGANIZATIONNAME = "Joseph Leichter";
				TargetAttributes = {
					21FA32741DE3E0520088590D = {
						CreatedOnToolsVersion = 8.1;
						ProvisioningStyle = Automatic;
					};
					21FA328B1DE3E0520088590D = {
						CreatedOnToolsVersion = 8.1;
						ProvisioningStyle = Automatic;
						TestTargetID = 21FA32741DE3E0520088590D;
					};
					21FA32961DE3E0520088590D = {
						CreatedOnToolsVersion = 8.1;
						ProvisioningStyle = Automatic;
						TestTargetID = 21FA32741DE3E0520088590D;
					};
				};
			};
			buildConfigurationList = 21FA32701DE3E0520088590D /* Build configuration list for PBXProject "Kittens" */;
			compatibilityVersion = "Xcode 3.2";
			developmentRegion = English;
			hasScannedForEncodings = 0;
			knownRegions = (
				en,
				Base,
			);
			mainGroup = 21FA326C1DE3E0520088590D;
			productRefGroup = 21FA32761DE3E0520088590D /* Products */;
			projectDirPath = "";
			projectRoot = "";
			targets = (
				21FA32741DE3E0520088590D /* Kittens */,
				21FA328B1DE3E0520088590D /* KittensTests */,
				21FA32961DE3E0520088590D /* KittensUITests */,
			);
		};
/* End PBXProject section */

/* Begin PBXResourcesBuildPhase section */
		21FA32731DE3E0520088590D /* Resources */ = {
			isa = PBXResourcesBuildPhase;
			buildActionMask = 2147483647;
			files = (
				21FA32861DE3E0520088590D /* LaunchScreen.storyboard in Resources */,
				21FA32831DE3E0520088590D /* Assets.xcassets in Resources */,
				21FA327E1DE3E0520088590D /* Main.storyboard in Resources */,
			);
			runOnlyForDeploymentPostprocessing = 0;
		};
		21FA328A1DE3E0520088590D /* Resources */ = {
			isa = PBXResourcesBuildPhase;
			buildActionMask = 2147483647;
			files = (
			);
			runOnlyForDeploymentPostprocessing = 0;
		};
		21FA32951DE3E0520088590D /* Resources */ = {
			isa = PBXResourcesBuildPhase;
			buildActionMask = 2147483647;
			files = (
			);
			runOnlyForDeploymentPostprocessing = 0;
		};
/* End PBXResourcesBuildPhase section */

/* Begin PBXSourcesBuildPhase section */
		21FA32711DE3E0520088590D /* Sources */ = {
			isa = PBXSourcesBuildPhase;
			buildActionMask = 2147483647;
			files = (
				21FA327B1DE3E0520088590D /* ViewController.swift in Sources */,
				21FA32811DE3E0520088590D /* Kittens.xcdatamodeld in Sources */,
				21FA32791DE3E0520088590D /* AppDelegate.swift in Sources */,
			);
			runOnlyForDeploymentPostprocessing = 0;
		};
		21FA32881DE3E0520088590D /* Sources */ = {
			isa = PBXSourcesBuildPhase;
			buildActionMask = 2147483647;
			files = (
				21FA32911DE3E0520088590D /* KittensTests.swift in Sources */,
			);
			runOnlyForDeploymentPostprocessing = 0;
		};
		21FA32931DE3E0520088590D /* Sources */ = {
			isa = PBXSourcesBuildPhase;
			buildActionMask = 2147483647;
			files = (
				21FA329C1DE3E0520088590D /* KittensUITests.swift in Sources */,
			);
			runOnlyForDeploymentPostprocessing = 0;
		};
/* End PBXSourcesBuildPhase section */

/* Begin PBXTargetDependency section */
		21FA328E1DE3E0520088590D /* PBXTargetDependency */ = {
			isa = PBXTargetDependency;
			target = 21FA32741DE3E0520088590D /* Kittens */;
			targetProxy = 21FA328D1DE3E0520088590D /* PBXContainerItemProxy */;
		};
		21FA32991DE3E0520088590D /* PBXTargetDependency */ = {
			isa = PBXTargetDependency;
			target = 21FA32741DE3E0520088590D /* Kittens */;
			targetProxy = 21FA32981DE3E0520088590D /* PBXContainerItemProxy */;
		};
/* End PBXTargetDependency section */

/* Begin PBXVariantGroup section */
		21FA327C1DE3E0520088590D /* Main.storyboard */ = {
			isa = PBXVariantGroup;
			children = (
				21FA327D1DE3E0520088590D /* Base */,
			);
			name = Main.storyboard;
			sourceTree = "<group>";
		};
		21FA32841DE3E0520088590D /* LaunchScreen.storyboard */ = {
			isa = PBXVariantGroup;
			children = (
				21FA32851DE3E0520088590D /* Base */,
			);
			name = LaunchScreen.storyboard;
			sourceTree = "<group>";
		};
/* End PBXVariantGroup section */

/* Begin XCBuildConfiguration section */
		21FA329E1DE3E0530088590D /* Debug */ = {
			isa = XCBuildConfiguration;
			buildSettings = {
				ALWAYS_SEARCH_USER_PATHS = NO;
				CLANG_ANALYZER_NONNULL = YES;
				CLANG_CXX_LANGUAGE_STANDARD = "gnu++0x";
				CLANG_CXX_LIBRARY = "libc++";
				CLANG_ENABLE_MODULES = YES;
				CLANG_ENABLE_OBJC_ARC = YES;
				CLANG_WARN_BOOL_CONVERSION = YES;
				CLANG_WARN_CONSTANT_CONVERSION = YES;
				CLANG_WARN_DIRECT_OBJC_ISA_USAGE = YES_ERROR;
				CLANG_WARN_DOCUMENTATION_COMMENTS = YES;
				CLANG_WARN_EMPTY_BODY = YES;
				CLANG_WARN_ENUM_CONVERSION = YES;
				CLANG_WARN_INFINITE_RECURSION = YES;
				CLANG_WARN_INT_CONVERSION = YES;
				CLANG_WARN_OBJC_ROOT_CLASS = YES_ERROR;
				CLANG_WARN_SUSPICIOUS_MOVES = YES;
				CLANG_WARN_UNREACHABLE_CODE = YES;
				CLANG_WARN__DUPLICATE_METHOD_MATCH = YES;
				"CODE_SIGN_IDENTITY[sdk=iphoneos*]" = "iPhone Developer";
				COPY_PHASE_STRIP = NO;
				DEBUG_INFORMATION_FORMAT = dwarf;
				ENABLE_STRICT_OBJC_MSGSEND = YES;
				ENABLE_TESTABILITY = YES;
				GCC_C_LANGUAGE_STANDARD = gnu99;
				GCC_DYNAMIC_NO_PIC = NO;
				GCC_NO_COMMON_BLOCKS = YES;
				GCC_OPTIMIZATION_LEVEL = 0;
				GCC_PREPROCESSOR_DEFINITIONS = (
					"DEBUG=1",
					"$(inherited)",
				);
				GCC_WARN_64_TO_32_BIT_CONVERSION = YES;
				GCC_WARN_ABOUT_RETURN_TYPE = YES_ERROR;
				GCC_WARN_UNDECLARED_SELECTOR = YES;
				GCC_WARN_UNINITIALIZED_AUTOS = YES_AGGRESSIVE;
				GCC_WARN_UNUSED_FUNCTION = YES;
				GCC_WARN_UNUSED_VARIABLE = YES;
				IPHONEOS_DEPLOYMENT_TARGET = 10.1;
				MTL_ENABLE_DEBUG_INFO = YES;
				ONLY_ACTIVE_ARCH = YES;
				SDKROOT = iphoneos;
				SWIFT_ACTIVE_COMPILATION_CONDITIONS = DEBUG;
				SWIFT_OPTIMIZATION_LEVEL = "-Onone";
			};
			name = Debug;
		};
		21FA329F1DE3E0530088590D /* Release */ = {
			isa = XCBuildConfiguration;
			buildSettings = {
				ALWAYS_SEARCH_USER_PATHS = NO;
				CLANG_ANALYZER_NONNULL = YES;
				CLANG_CXX_LANGUAGE_STANDARD = "gnu++0x";
				CLANG_CXX_LIBRARY = "libc++";
				CLANG_ENABLE_MODULES = YES;
				CLANG_ENABLE_OBJC_ARC = YES;
				CLANG_WARN_BOOL_CONVERSION = YES;
				CLANG_WARN_CONSTANT_CONVERSION = YES;
				CLANG_WARN_DIRECT_OBJC_ISA_USAGE = YES_ERROR;
				CLANG_WARN_DOCUMENTATION_COMMENTS = YES;
				CLANG_WARN_EMPTY_BODY = YES;
				CLANG_WARN_ENUM_CONVERSION = YES;
				CLANG_WARN_INFINITE_RECURSION = YES;
				CLANG_WARN_INT_CONVERSION = YES;
				CLANG_WARN_OBJC_ROOT_CLASS = YES_ERROR;
				CLANG_WARN_SUSPICIOUS_MOVES = YES;
				CLANG_WARN_UNREACHABLE_CODE = YES;
				CLANG_WARN__DUPLICATE_METHOD_MATCH = YES;
				"CODE_SIGN_IDENTITY[sdk=iphoneos*]" = "iPhone Developer";
				COPY_PHASE_STRIP = NO;
				DEBUG_INFORMATION_FORMAT = "dwarf-with-dsym";
				ENABLE_NS_ASSERTIONS = NO;
				ENABLE_STRICT_OBJC_MSGSEND = YES;
				GCC_C_LANGUAGE_STANDARD = gnu99;
				GCC_NO_COMMON_BLOCKS = YES;
				GCC_WARN_64_TO_32_BIT_CONVERSION = YES;
				GCC_WARN_ABOUT_RETURN_TYPE = YES_ERROR;
				GCC_WARN_UNDECLARED_SELECTOR = YES;
				GCC_WARN_UNINITIALIZED_AUTOS = YES_AGGRESSIVE;
				GCC_WARN_UNUSED_FUNCTION = YES;
				GCC_WARN_UNUSED_VARIABLE = YES;
				IPHONEOS_DEPLOYMENT_TARGET = 10.1;
				MTL_ENABLE_DEBUG_INFO = NO;
				SDKROOT = iphoneos;
				SWIFT_OPTIMIZATION_LEVEL = "-Owholemodule";
				VALIDATE_PRODUCT = YES;
			};
			name = Release;
		};
		21FA32A11DE3E0530088590D /* Debug */ = {
			isa = XCBuildConfiguration;
			buildSettings = {
				ASSETCATALOG_COMPILER_APPICON_NAME = AppIcon;
				INFOPLIST_FILE = Kittens/Info.plist;
				LD_RUNPATH_SEARCH_PATHS = "$(inherited) @executable_path/Frameworks";
				PRODUCT_BUNDLE_IDENTIFIER = org.wilbourhall.Kittens;
				PRODUCT_NAME = "$(TARGET_NAME)";
				SWIFT_VERSION = 3.0;
			};
			name = Debug;
		};
		21FA32A21DE3E0530088590D /* Release */ = {
			isa = XCBuildConfiguration;
			buildSettings = {
				ASSETCATALOG_COMPILER_APPICON_NAME = AppIcon;
				INFOPLIST_FILE = Kittens/Info.plist;
				LD_RUNPATH_SEARCH_PATHS = "$(inherited) @executable_path/Frameworks";
				PRODUCT_BUNDLE_IDENTIFIER = org.wilbourhall.Kittens;
				PRODUCT_NAME = "$(TARGET_NAME)";
				SWIFT_VERSION = 3.0;
			};
			name = Release;
		};
		21FA32A41DE3E0530088590D /* Debug */ = {
			isa = XCBuildConfiguration;
			buildSettings = {
				ALWAYS_EMBED_SWIFT_STANDARD_LIBRARIES = YES;
				BUNDLE_LOADER = "$(TEST_HOST)";
				INFOPLIST_FILE = KittensTests/Info.plist;
				LD_RUNPATH_SEARCH_PATHS = "$(inherited) @executable_path/Frameworks @loader_path/Frameworks";
				PRODUCT_BUNDLE_IDENTIFIER = org.wilbourhall.KittensTests;
				PRODUCT_NAME = "$(TARGET_NAME)";
				SWIFT_VERSION = 3.0;
				TEST_HOST = "$(BUILT_PRODUCTS_DIR)/Kittens.app/Kittens";
			};
			name = Debug;
		};
		21FA32A51DE3E0530088590D /* Release */ = {
			isa = XCBuildConfiguration;
			buildSettings = {
				ALWAYS_EMBED_SWIFT_STANDARD_LIBRARIES = YES;
				BUNDLE_LOADER = "$(TEST_HOST)";
				INFOPLIST_FILE = KittensTests/Info.plist;
				LD_RUNPATH_SEARCH_PATHS = "$(inherited) @executable_path/Frameworks @loader_path/Frameworks";
				PRODUCT_BUNDLE_IDENTIFIER = org.wilbourhall.KittensTests;
				PRODUCT_NAME = "$(TARGET_NAME)";
				SWIFT_VERSION = 3.0;
				TEST_HOST = "$(BUILT_PRODUCTS_DIR)/Kittens.app/Kittens";
			};
			name = Release;
		};
		21FA32A71DE3E0530088590D /* Debug */ = {
			isa = XCBuildConfiguration;
			buildSettings = {
				ALWAYS_EMBED_SWIFT_STANDARD_LIBRARIES = YES;
				INFOPLIST_FILE = KittensUITests/Info.plist;
				LD_RUNPATH_SEARCH_PATHS = "$(inherited) @executable_path/Frameworks @loader_path/Frameworks";
				PRODUCT_BUNDLE_IDENTIFIER = org.wilbourhall.KittensUITests;
				PRODUCT_NAME = "$(TARGET_NAME)";
				SWIFT_VERSION = 3.0;
				TEST_TARGET_NAME = Kittens;
			};
			name = Debug;
		};
		21FA32A81DE3E0530088590D /* Release */ = {
			isa = XCBuildConfiguration;
			buildSettings = {
				ALWAYS_EMBED_SWIFT_STANDARD_LIBRARIES = YES;
				INFOPLIST_FILE = KittensUITests/Info.plist;
				LD_RUNPATH_SEARCH_PATHS = "$(inherited) @executable_path/Frameworks @loader_path/Frameworks";
				PRODUCT_BUNDLE_IDENTIFIER = org.wilbourhall.KittensUITests;
				PRODUCT_NAME = "$(TARGET_NAME)";
				SWIFT_VERSION = 3.0;
				TEST_TARGET_NAME = Kittens;
			};
			name = Release;
		};
/* End XCBuildConfiguration section */

/* Begin XCConfigurationList section */
		21FA32701DE3E0520088590D /* Build configuration list for PBXProject "Kittens" */ = {
			isa = XCConfigurationList;
			buildConfigurations = (
				21FA329E1DE3E0530088590D /* Debug */,
				21FA329F1DE3E0530088590D /* Release */,
			);
			defaultConfigurationIsVisible = 0;
			defaultConfigurationName = Release;
		};
		21FA32A01DE3E0530088590D /* Build configuration list for PBXNativeTarget "Kittens" */ = {
			isa = XCConfigurationList;
			buildConfigurations = (
				21FA32A11DE3E0530088590D /* Debug */,
				21FA32A21DE3E0530088590D /* Release */,
			);
			defaultConfigurationIsVisible = 0;
		};
		21FA32A31DE3E0530088590D /* Build configuration list for PBXNativeTarget "KittensTests" */ = {
			isa = XCConfigurationList;
			buildConfigurations = (
				21FA32A41DE3E0530088590D /* Debug */,
				21FA32A51DE3E0530088590D /* Release */,
			);
			defaultConfigurationIsVisible = 0;
		};
		21FA32A61DE3E0530088590D /* Build configuration list for PBXNativeTarget "KittensUITests" */ = {
			isa = XCConfigurationList;
			buildConfigurations = (
				21FA32A71DE3E0530088590D /* Debug */,
				21FA32A81DE3E0530088590D /* Release */,
			);
			defaultConfigurationIsVisible = 0;
		};
/* End XCConfigurationList section */

/* Begin XCVersionGroup section */
		21FA327F1DE3E0520088590D /* Kittens.xcdatamodeld */ = {
			isa = XCVersionGroup;
			children = (
				21FA32801DE3E0520088590D /* Kittens.xcdatamodel */,
			);
			currentVersion = 21FA32801DE3E0520088590D /* Kittens.xcdatamodel */;
			path = Kittens.xcdatamodeld;
			sourceTree = "<group>";
			versionGroupType = wrapper.xcdatamodel;
		};
/* End XCVersionGroup section */
	};
	rootObject = 21FA326D1DE3E0520088590D /* Project object */;
}
